
Microsoft Visual Studio Solution File, Format Version 12.00
# Visual Studio Version 16
VisualStudioVersion = 16.0.29709.97
MinimumVisualStudioVersion = 10.0.40219.1
Project("{9A19103F-16F7-4668-BE54-9A1E7A4F7556}") = "ApplicationQueue", "ApplicationQueue\ApplicationQueue.csproj", "{6B5F7AA2-F4EB-48EF-8B6F-206C9E73460A}"
EndProject
Project("{FAE04EC0-301F-11D3-BF4B-00C04F79EFBC}") = "AplicationQueueAPI", "AplicationQueueAPI\AplicationQueueAPI.csproj", "{5086040C-5ADC-4384-B1B7-F39B9AC67B5C}"
EndProject
Global
	GlobalSection(SolutionConfigurationPlatforms) = preSolution
		Debug|Any CPU = Debug|Any CPU
		Release|Any CPU = Release|Any CPU
	EndGlobalSection
	GlobalSection(ProjectConfigurationPlatforms) = postSolution
		{6B5F7AA2-F4EB-48EF-8B6F-206C9E73460A}.Debug|Any CPU.ActiveCfg = Debug|Any CPU
		{6B5F7AA2-F4EB-48EF-8B6F-206C9E73460A}.Debug|Any CPU.Build.0 = Debug|Any CPU
		{6B5F7AA2-F4EB-48EF-8B6F-206C9E73460A}.Release|Any CPU.ActiveCfg = Release|Any CPU
		{6B5F7AA2-F4EB-48EF-8B6F-206C9E73460A}.Release|Any CPU.Build.0 = Release|Any CPU
		{5086040C-5ADC-4384-B1B7-F39B9AC67B5C}.Debug|Any CPU.ActiveCfg = Debug|Any CPU
		{5086040C-5ADC-4384-B1B7-F39B9AC67B5C}.Debug|Any CPU.Build.0 = Debug|Any CPU
		{5086040C-5ADC-4384-B1B7-F39B9AC67B5C}.Release|Any CPU.ActiveCfg = Release|Any CPU
		{5086040C-5ADC-4384-B1B7-F39B9AC67B5C}.Release|Any CPU.Build.0 = Release|Any CPU
	EndGlobalSection
	GlobalSection(SolutionProperties) = preSolution
		HideSolutionNode = FALSE
	EndGlobalSection
	GlobalSection(ExtensibilityGlobals) = postSolution
		SolutionGuid = {6FC97CC5-62A1-4D9F-8080-7A273292EEA8}
	EndGlobalSection
EndGlobal
